
Microsoft Visual Studio Solution File, Format Version 12.00
# Visual Studio Version 17
VisualStudioVersion = 17.7.34302.85
MinimumVisualStudioVersion = 10.0.40219.1
Project("{8BC9CEB8-8B4A-11D0-8D11-00A0C91BC942}") = "Jan25-1436-Chapter2Stuff", "Jan25-1436-Chapter2Stuff\Jan25-1436-Chapter2Stuff.vcxproj", "{AF857D41-C282-4451-A44A-D2D2D0D1EB97}"
EndProject
Project("{8BC9CEB8-8B4A-11D0-8D11-00A0C91BC942}") = "Lab2a-gasCostCalculator", "Lab2a-gasCostCalculator\Lab2a-gasCostCalculator.vcxproj", "{22211848-26BB-44FA-9FD8-AF4E230700F9}"
EndProject
Project("{8BC9CEB8-8B4A-11D0-8D11-00A0C91BC942}") = "Feb1-Chapter2Stuff-Continued", "Feb1-Chapter2Stuff-Continued\Feb1-Chapter2Stuff-Continued.vcxproj", "{C19836D9-554A-422F-811C-8735769A03C0}"
EndProject
Global
	GlobalSection(SolutionConfigurationPlatforms) = preSolution
		Debug|x64 = Debug|x64
		Debug|x86 = Debug|x86
		Release|x64 = Release|x64
		Release|x86 = Release|x86
	EndGlobalSection
	GlobalSection(ProjectConfigurationPlatforms) = postSolution
		{AF857D41-C282-4451-A44A-D2D2D0D1EB97}.Debug|x64.ActiveCfg = Debug|x64
		{AF857D41-C282-4451-A44A-D2D2D0D1EB97}.Debug|x64.Build.0 = Debug|x64
		{AF857D41-C282-4451-A44A-D2D2D0D1EB97}.Debug|x86.ActiveCfg = Debug|Win32
		{AF857D41-C282-4451-A44A-D2D2D0D1EB97}.Debug|x86.Build.0 = Debug|Win32
		{AF857D41-C282-4451-A44A-D2D2D0D1EB97}.Release|x64.ActiveCfg = Release|x64
		{AF857D41-C282-4451-A44A-D2D2D0D1EB97}.Release|x64.Build.0 = Release|x64
		{AF857D41-C282-4451-A44A-D2D2D0D1EB97}.Release|x86.ActiveCfg = Release|Win32
		{AF857D41-C282-4451-A44A-D2D2D0D1EB97}.Release|x86.Build.0 = Release|Win32
		{22211848-26BB-44FA-9FD8-AF4E230700F9}.Debug|x64.ActiveCfg = Debug|x64
		{22211848-26BB-44FA-9FD8-AF4E230700F9}.Debug|x64.Build.0 = Debug|x64
		{22211848-26BB-44FA-9FD8-AF4E230700F9}.Debug|x86.ActiveCfg = Debug|Win32
		{22211848-26BB-44FA-9FD8-AF4E230700F9}.Debug|x86.Build.0 = Debug|Win32
		{22211848-26BB-44FA-9FD8-AF4E230700F9}.Release|x64.ActiveCfg = Release|x64
		{22211848-26BB-44FA-9FD8-AF4E230700F9}.Release|x64.Build.0 = Release|x64
		{22211848-26BB-44FA-9FD8-AF4E230700F9}.Release|x86.ActiveCfg = Release|Win32
		{22211848-26BB-44FA-9FD8-AF4E230700F9}.Release|x86.Build.0 = Release|Win32
		{C19836D9-554A-422F-811C-8735769A03C0}.Debug|x64.ActiveCfg = Debug|x64
		{C19836D9-554A-422F-811C-8735769A03C0}.Debug|x64.Build.0 = Debug|x64
		{C19836D9-554A-422F-811C-8735769A03C0}.Debug|x86.ActiveCfg = Debug|Win32
		{C19836D9-554A-422F-811C-8735769A03C0}.Debug|x86.Build.0 = Debug|Win32
		{C19836D9-554A-422F-811C-8735769A03C0}.Release|x64.ActiveCfg = Release|x64
		{C19836D9-554A-422F-811C-8735769A03C0}.Release|x64.Build.0 = Release|x64
		{C19836D9-554A-422F-811C-8735769A03C0}.Release|x86.ActiveCfg = Release|Win32
		{C19836D9-554A-422F-811C-8735769A03C0}.Release|x86.Build.0 = Release|Win32
	EndGlobalSection
	GlobalSection(SolutionProperties) = preSolution
		HideSolutionNode = FALSE
	EndGlobalSection
	GlobalSection(ExtensibilityGlobals) = postSolution
		SolutionGuid = {E3953E73-F3F0-4F57-B4DC-60B22CA02389}
	EndGlobalSection
EndGlobal
